
Microsoft Visual Studio Solution File, Format Version 12.00
# Visual Studio 14
VisualStudioVersion = 14.0.25123.0
MinimumVisualStudioVersion = 10.0.40219.1
Project("{FAE04EC0-301F-11D3-BF4B-00C04F79EFBC}") = "task0", "task0\task0.csproj", "{5F6A94E4-45F3-4CD2-8538-30F20DE45975}"
EndProject
Project("{FAE04EC0-301F-11D3-BF4B-00C04F79EFBC}") = "task1", "task1\task1.csproj", "{9F85A1F0-23EC-45FE-B087-5DB3E379A7C7}"
EndProject
Project("{FAE04EC0-301F-11D3-BF4B-00C04F79EFBC}") = "task2", "task2\task2.csproj", "{B4254EF5-2761-413A-9C18-A56CF0B034A9}"
EndProject
Global
	GlobalSection(SolutionConfigurationPlatforms) = preSolution
		Debug|Any CPU = Debug|Any CPU
		Debug|x86 = Debug|x86
		Release|Any CPU = Release|Any CPU
		Release|x86 = Release|x86
	EndGlobalSection
	GlobalSection(ProjectConfigurationPlatforms) = postSolution
		{5F6A94E4-45F3-4CD2-8538-30F20DE45975}.Debug|Any CPU.ActiveCfg = Debug|Any CPU
		{5F6A94E4-45F3-4CD2-8538-30F20DE45975}.Debug|Any CPU.Build.0 = Debug|Any CPU
		{5F6A94E4-45F3-4CD2-8538-30F20DE45975}.Debug|x86.ActiveCfg = Debug|Any CPU
		{5F6A94E4-45F3-4CD2-8538-30F20DE45975}.Debug|x86.Build.0 = Debug|Any CPU
		{5F6A94E4-45F3-4CD2-8538-30F20DE45975}.Release|Any CPU.ActiveCfg = Release|Any CPU
		{5F6A94E4-45F3-4CD2-8538-30F20DE45975}.Release|Any CPU.Build.0 = Release|Any CPU
		{5F6A94E4-45F3-4CD2-8538-30F20DE45975}.Release|x86.ActiveCfg = Release|Any CPU
		{5F6A94E4-45F3-4CD2-8538-30F20DE45975}.Release|x86.Build.0 = Release|Any CPU
		{9F85A1F0-23EC-45FE-B087-5DB3E379A7C7}.Debug|Any CPU.ActiveCfg = Debug|Any CPU
		{9F85A1F0-23EC-45FE-B087-5DB3E379A7C7}.Debug|Any CPU.Build.0 = Debug|Any CPU
		{9F85A1F0-23EC-45FE-B087-5DB3E379A7C7}.Debug|x86.ActiveCfg = Debug|Any CPU
		{9F85A1F0-23EC-45FE-B087-5DB3E379A7C7}.Debug|x86.Build.0 = Debug|Any CPU
		{9F85A1F0-23EC-45FE-B087-5DB3E379A7C7}.Release|Any CPU.ActiveCfg = Release|Any CPU
		{9F85A1F0-23EC-45FE-B087-5DB3E379A7C7}.Release|Any CPU.Build.0 = Release|Any CPU
		{9F85A1F0-23EC-45FE-B087-5DB3E379A7C7}.Release|x86.ActiveCfg = Release|Any CPU
		{9F85A1F0-23EC-45FE-B087-5DB3E379A7C7}.Release|x86.Build.0 = Release|Any CPU
		{B4254EF5-2761-413A-9C18-A56CF0B034A9}.Debug|Any CPU.ActiveCfg = Debug|Any CPU
		{B4254EF5-2761-413A-9C18-A56CF0B034A9}.Debug|Any CPU.Build.0 = Debug|Any CPU
		{B4254EF5-2761-413A-9C18-A56CF0B034A9}.Debug|x86.ActiveCfg = Debug|Any CPU
		{B4254EF5-2761-413A-9C18-A56CF0B034A9}.Debug|x86.Build.0 = Debug|Any CPU
		{B4254EF5-2761-413A-9C18-A56CF0B034A9}.Release|Any CPU.ActiveCfg = Release|Any CPU
		{B4254EF5-2761-413A-9C18-A56CF0B034A9}.Release|Any CPU.Build.0 = Release|Any CPU
		{B4254EF5-2761-413A-9C18-A56CF0B034A9}.Release|x86.ActiveCfg = Release|Any CPU
		{B4254EF5-2761-413A-9C18-A56CF0B034A9}.Release|x86.Build.0 = Release|Any CPU
	EndGlobalSection
	GlobalSection(SolutionProperties) = preSolution
		HideSolutionNode = FALSE
	EndGlobalSection
EndGlobal
